
Microsoft Visual Studio Solution File, Format Version 12.00
# Visual Studio Version 17
VisualStudioVersion = 17.14.36717.8
MinimumVisualStudioVersion = 10.0.40219.1
Project("{FAE04EC0-301F-11D3-BF4B-00C04F79EFBC}") = "HttpServerModule2", "HttpServerModule2\HttpServerModule2.csproj", "{1375C7CE-CCF9-423E-8F14-3D4F39CEF0F5}"
EndProject
Project("{FAE04EC0-301F-11D3-BF4B-00C04F79EFBC}") = "HttpServerService", "HttpServerService\HttpServerService.csproj", "{D3E53DA5-B8BB-4443-9CE4-E811A32F947D}"
EndProject
Project("{FAE04EC0-301F-11D3-BF4B-00C04F79EFBC}") = "HttpServerWPF", "HttpServerWPF\HttpServerWPF.csproj", "{4BB74C23-D530-40B9-AE31-C00C904A4110}"
EndProject
Global
	GlobalSection(SolutionConfigurationPlatforms) = preSolution
		Debug|Any CPU = Debug|Any CPU
		Release|Any CPU = Release|Any CPU
	EndGlobalSection
	GlobalSection(ProjectConfigurationPlatforms) = postSolution
		{1375C7CE-CCF9-423E-8F14-3D4F39CEF0F5}.Debug|Any CPU.ActiveCfg = Debug|Any CPU
		{1375C7CE-CCF9-423E-8F14-3D4F39CEF0F5}.Debug|Any CPU.Build.0 = Debug|Any CPU
		{1375C7CE-CCF9-423E-8F14-3D4F39CEF0F5}.Release|Any CPU.ActiveCfg = Release|Any CPU
		{1375C7CE-CCF9-423E-8F14-3D4F39CEF0F5}.Release|Any CPU.Build.0 = Release|Any CPU
		{D3E53DA5-B8BB-4443-9CE4-E811A32F947D}.Debug|Any CPU.ActiveCfg = Debug|Any CPU
		{D3E53DA5-B8BB-4443-9CE4-E811A32F947D}.Debug|Any CPU.Build.0 = Debug|Any CPU
		{D3E53DA5-B8BB-4443-9CE4-E811A32F947D}.Release|Any CPU.ActiveCfg = Release|Any CPU
		{D3E53DA5-B8BB-4443-9CE4-E811A32F947D}.Release|Any CPU.Build.0 = Release|Any CPU
		{4BB74C23-D530-40B9-AE31-C00C904A4110}.Debug|Any CPU.ActiveCfg = Debug|Any CPU
		{4BB74C23-D530-40B9-AE31-C00C904A4110}.Debug|Any CPU.Build.0 = Debug|Any CPU
		{4BB74C23-D530-40B9-AE31-C00C904A4110}.Release|Any CPU.ActiveCfg = Release|Any CPU
		{4BB74C23-D530-40B9-AE31-C00C904A4110}.Release|Any CPU.Build.0 = Release|Any CPU
	EndGlobalSection
	GlobalSection(SolutionProperties) = preSolution
		HideSolutionNode = FALSE
	EndGlobalSection
	GlobalSection(ExtensibilityGlobals) = postSolution
		SolutionGuid = {77160D5E-E93E-448F-96C2-12DEA1BDC41E}
	EndGlobalSection
EndGlobal
